// !$*UTF8*$!
{
	archiveVersion = 1;
	classes = {
	};
	objectVersion = 52;
	objects = {

/* Begin PBXBuildFile section */
		011DBA72263F4B8700E5713A /* ImageCache.swift in Sources */ = {isa = PBXBuildFile; fileRef = 011DBA71263F4B8700E5713A /* ImageCache.swift */; };
		011DBA74263F4E6500E5713A /* ImageStore.swift in Sources */ = {isa = PBXBuildFile; fileRef = 011DBA73263F4E6500E5713A /* ImageStore.swift */; };
		0121CAEC264096D10071E633 /* BoxView.swift in Sources */ = {isa = PBXBuildFile; fileRef = 0121CAEB264096D10071E633 /* BoxView.swift */; };
		0121CAEE2640AE200071E633 /* CoreData+Extension.swift in Sources */ = {isa = PBXBuildFile; fileRef = 0121CAED2640AE200071E633 /* CoreData+Extension.swift */; };
		0121CAF02640AF490071E633 /* BoxHeaderView.swift in Sources */ = {isa = PBXBuildFile; fileRef = 0121CAEF2640AF490071E633 /* BoxHeaderView.swift */; };
		0121F0AD263DB04E00CEA168 /* Identifiable.swift in Sources */ = {isa = PBXBuildFile; fileRef = 0121F0AC263DB04E00CEA168 /* Identifiable.swift */; };
		014518272642E53700596FCC /* ItemView.swift in Sources */ = {isa = PBXBuildFile; fileRef = 014518262642E53700596FCC /* ItemView.swift */; };
		014518292642E58D00596FCC /* HeaderCell.swift in Sources */ = {isa = PBXBuildFile; fileRef = 014518282642E58D00596FCC /* HeaderCell.swift */; };
		01ABA41526488A8700D468AF /* SearchVC.swift in Sources */ = {isa = PBXBuildFile; fileRef = 01ABA41426488A8700D468AF /* SearchVC.swift */; };
		01B2EC0B263D689000940A47 /* AppDelegate.swift in Sources */ = {isa = PBXBuildFile; fileRef = 01B2EC0A263D689000940A47 /* AppDelegate.swift */; };
		01B2EC0D263D689000940A47 /* SceneDelegate.swift in Sources */ = {isa = PBXBuildFile; fileRef = 01B2EC0C263D689000940A47 /* SceneDelegate.swift */; };
		01B2EC0F263D689000940A47 /* ContentView.swift in Sources */ = {isa = PBXBuildFile; fileRef = 01B2EC0E263D689000940A47 /* ContentView.swift */; };
		01B2EC12263D689000940A47 /* Item_Inventory.xcdatamodeld in Sources */ = {isa = PBXBuildFile; fileRef = 01B2EC10263D689000940A47 /* Item_Inventory.xcdatamodeld */; };
		01B2EC14263D689300940A47 /* Assets.xcassets in Resources */ = {isa = PBXBuildFile; fileRef = 01B2EC13263D689300940A47 /* Assets.xcassets */; };
		01B2EC17263D689300940A47 /* Preview Assets.xcassets in Resources */ = {isa = PBXBuildFile; fileRef = 01B2EC16263D689300940A47 /* Preview Assets.xcassets */; };
		01B2EC1A263D689300940A47 /* LaunchScreen.storyboard in Resources */ = {isa = PBXBuildFile; fileRef = 01B2EC18263D689300940A47 /* LaunchScreen.storyboard */; };
		01B2EC24263D6CE100940A47 /* Storage.swift in Sources */ = {isa = PBXBuildFile; fileRef = 01B2EC23263D6CE100940A47 /* Storage.swift */; };
		01B2EC26263D6DE900940A47 /* Logger.swift in Sources */ = {isa = PBXBuildFile; fileRef = 01B2EC25263D6DE900940A47 /* Logger.swift */; };
		01B2EC29263D706E00940A47 /* Navigation.swift in Sources */ = {isa = PBXBuildFile; fileRef = 01B2EC28263D706E00940A47 /* Navigation.swift */; };
		01B2EC2D263D73D800940A47 /* LocationsView.swift in Sources */ = {isa = PBXBuildFile; fileRef = 01B2EC2C263D73D800940A47 /* LocationsView.swift */; };
		01B2EC2F263D798300940A47 /* EditLocationView.swift in Sources */ = {isa = PBXBuildFile; fileRef = 01B2EC2E263D798300940A47 /* EditLocationView.swift */; };
		01B2EC31263D7B3900940A47 /* Environment.swift in Sources */ = {isa = PBXBuildFile; fileRef = 01B2EC30263D7B3900940A47 /* Environment.swift */; };
		01B2EC34263D89E600940A47 /* LocationView.swift in Sources */ = {isa = PBXBuildFile; fileRef = 01B2EC33263D89E600940A47 /* LocationView.swift */; };
		01B2EC36263D919800940A47 /* EmptyableList.swift in Sources */ = {isa = PBXBuildFile; fileRef = 01B2EC35263D919800940A47 /* EmptyableList.swift */; };
		01B2EC38263D94AB00940A47 /* EditBoxView.swift in Sources */ = {isa = PBXBuildFile; fileRef = 01B2EC37263D94AB00940A47 /* EditBoxView.swift */; };
		01B2EC3B263D98F600940A47 /* QRBarcodeViewController.swift in Sources */ = {isa = PBXBuildFile; fileRef = 01B2EC3A263D98F600940A47 /* QRBarcodeViewController.swift */; };
		01C71435263DB8780028A8C8 /* ImagePicker.swift in Sources */ = {isa = PBXBuildFile; fileRef = 01C71434263DB8780028A8C8 /* ImagePicker.swift */; };
		01C9DE54264161DD006E6C7D /* ItemEditView.swift in Sources */ = {isa = PBXBuildFile; fileRef = 01C9DE53264161DD006E6C7D /* ItemEditView.swift */; };
		01C9DE5726417890006E6C7D /* OrderedCollections in Frameworks */ = {isa = PBXBuildFile; productRef = 01C9DE5626417890006E6C7D /* OrderedCollections */; };
		01CB751D2643597300273947 /* BoxSearchCapsuleView.swift in Sources */ = {isa = PBXBuildFile; fileRef = 01CB751C2643597300273947 /* BoxSearchCapsuleView.swift */; };
		01D8484426430BD4008A5FA2 /* GeneralSpaceView.swift in Sources */ = {isa = PBXBuildFile; fileRef = 01D8484326430BD4008A5FA2 /* GeneralSpaceView.swift */; };
		01D8484626431A6C008A5FA2 /* BoxSearchView.swift in Sources */ = {isa = PBXBuildFile; fileRef = 01D8484526431A6C008A5FA2 /* BoxSearchView.swift */; };
		01F1C8A2263E042700DFA8D0 /* Kingfisher in Frameworks */ = {isa = PBXBuildFile; productRef = 01F1C8A1263E042700DFA8D0 /* Kingfisher */; };
/* End PBXBuildFile section */

/* Begin PBXFileReference section */
		011DBA71263F4B8700E5713A /* ImageCache.swift */ = {isa = PBXFileReference; lastKnownFileType = sourcecode.swift; path = ImageCache.swift; sourceTree = "<group>"; };
		011DBA73263F4E6500E5713A /* ImageStore.swift */ = {isa = PBXFileReference; lastKnownFileType = sourcecode.swift; path = ImageStore.swift; sourceTree = "<group>"; };
		0121CAEB264096D10071E633 /* BoxView.swift */ = {isa = PBXFileReference; lastKnownFileType = sourcecode.swift; path = BoxView.swift; sourceTree = "<group>"; };
		0121CAED2640AE200071E633 /* CoreData+Extension.swift */ = {isa = PBXFileReference; lastKnownFileType = sourcecode.swift; path = "CoreData+Extension.swift"; sourceTree = "<group>"; };
		0121CAEF2640AF490071E633 /* BoxHeaderView.swift */ = {isa = PBXFileReference; lastKnownFileType = sourcecode.swift; path = BoxHeaderView.swift; sourceTree = "<group>"; };
		0121F0AC263DB04E00CEA168 /* Identifiable.swift */ = {isa = PBXFileReference; lastKnownFileType = sourcecode.swift; path = Identifiable.swift; sourceTree = "<group>"; };
		014518262642E53700596FCC /* ItemView.swift */ = {isa = PBXFileReference; lastKnownFileType = sourcecode.swift; path = ItemView.swift; sourceTree = "<group>"; };
		014518282642E58D00596FCC /* HeaderCell.swift */ = {isa = PBXFileReference; lastKnownFileType = sourcecode.swift; path = HeaderCell.swift; sourceTree = "<group>"; };
		01ABA41426488A8700D468AF /* SearchVC.swift */ = {isa = PBXFileReference; fileEncoding = 4; lastKnownFileType = sourcecode.swift; path = SearchVC.swift; sourceTree = "<group>"; };
		01B2EC07263D689000940A47 /* Item Inventory.app */ = {isa = PBXFileReference; explicitFileType = wrapper.application; includeInIndex = 0; path = "Item Inventory.app"; sourceTree = BUILT_PRODUCTS_DIR; };
		01B2EC0A263D689000940A47 /* AppDelegate.swift */ = {isa = PBXFileReference; lastKnownFileType = sourcecode.swift; path = AppDelegate.swift; sourceTree = "<group>"; };
		01B2EC0C263D689000940A47 /* SceneDelegate.swift */ = {isa = PBXFileReference; lastKnownFileType = sourcecode.swift; path = SceneDelegate.swift; sourceTree = "<group>"; };
		01B2EC0E263D689000940A47 /* ContentView.swift */ = {isa = PBXFileReference; lastKnownFileType = sourcecode.swift; path = ContentView.swift; sourceTree = "<group>"; };
		01B2EC11263D689000940A47 /* Item_Inventory.xcdatamodel */ = {isa = PBXFileReference; lastKnownFileType = wrapper.xcdatamodel; path = Item_Inventory.xcdatamodel; sourceTree = "<group>"; };
		01B2EC13263D689300940A47 /* Assets.xcassets */ = {isa = PBXFileReference; lastKnownFileType = folder.assetcatalog; path = Assets.xcassets; sourceTree = "<group>"; };
		01B2EC16263D689300940A47 /* Preview Assets.xcassets */ = {isa = PBXFileReference; lastKnownFileType = folder.assetcatalog; path = "Preview Assets.xcassets"; sourceTree = "<group>"; };
		01B2EC19263D689300940A47 /* Base */ = {isa = PBXFileReference; lastKnownFileType = file.storyboard; name = Base; path = Base.lproj/LaunchScreen.storyboard; sourceTree = "<group>"; };
		01B2EC1B263D689300940A47 /* Info.plist */ = {isa = PBXFileReference; lastKnownFileType = text.plist.xml; path = Info.plist; sourceTree = "<group>"; };
		01B2EC23263D6CE100940A47 /* Storage.swift */ = {isa = PBXFileReference; lastKnownFileType = sourcecode.swift; path = Storage.swift; sourceTree = "<group>"; };
		01B2EC25263D6DE900940A47 /* Logger.swift */ = {isa = PBXFileReference; lastKnownFileType = sourcecode.swift; path = Logger.swift; sourceTree = "<group>"; };
		01B2EC28263D706E00940A47 /* Navigation.swift */ = {isa = PBXFileReference; lastKnownFileType = sourcecode.swift; path = Navigation.swift; sourceTree = "<group>"; };
		01B2EC2C263D73D800940A47 /* LocationsView.swift */ = {isa = PBXFileReference; lastKnownFileType = sourcecode.swift; path = LocationsView.swift; sourceTree = "<group>"; };
		01B2EC2E263D798300940A47 /* EditLocationView.swift */ = {isa = PBXFileReference; lastKnownFileType = sourcecode.swift; path = EditLocationView.swift; sourceTree = "<group>"; };
		01B2EC30263D7B3900940A47 /* Environment.swift */ = {isa = PBXFileReference; lastKnownFileType = sourcecode.swift; path = Environment.swift; sourceTree = "<group>"; };
		01B2EC33263D89E600940A47 /* LocationView.swift */ = {isa = PBXFileReference; lastKnownFileType = sourcecode.swift; path = LocationView.swift; sourceTree = "<group>"; };
		01B2EC35263D919800940A47 /* EmptyableList.swift */ = {isa = PBXFileReference; lastKnownFileType = sourcecode.swift; path = EmptyableList.swift; sourceTree = "<group>"; };
		01B2EC37263D94AB00940A47 /* EditBoxView.swift */ = {isa = PBXFileReference; lastKnownFileType = sourcecode.swift; path = EditBoxView.swift; sourceTree = "<group>"; };
		01B2EC3A263D98F600940A47 /* QRBarcodeViewController.swift */ = {isa = PBXFileReference; lastKnownFileType = sourcecode.swift; path = QRBarcodeViewController.swift; sourceTree = "<group>"; };
		01C71434263DB8780028A8C8 /* ImagePicker.swift */ = {isa = PBXFileReference; lastKnownFileType = sourcecode.swift; path = ImagePicker.swift; sourceTree = "<group>"; };
		01C9DE53264161DD006E6C7D /* ItemEditView.swift */ = {isa = PBXFileReference; lastKnownFileType = sourcecode.swift; path = ItemEditView.swift; sourceTree = "<group>"; };
		01CB751C2643597300273947 /* BoxSearchCapsuleView.swift */ = {isa = PBXFileReference; lastKnownFileType = sourcecode.swift; path = BoxSearchCapsuleView.swift; sourceTree = "<group>"; };
		01D8484326430BD4008A5FA2 /* GeneralSpaceView.swift */ = {isa = PBXFileReference; lastKnownFileType = sourcecode.swift; path = GeneralSpaceView.swift; sourceTree = "<group>"; };
		01D8484526431A6C008A5FA2 /* BoxSearchView.swift */ = {isa = PBXFileReference; lastKnownFileType = sourcecode.swift; path = BoxSearchView.swift; sourceTree = "<group>"; };
/* End PBXFileReference section */

/* Begin PBXFrameworksBuildPhase section */
		01B2EC04263D689000940A47 /* Frameworks */ = {
			isa = PBXFrameworksBuildPhase;
			buildActionMask = 2147483647;
			files = (
				01C9DE5726417890006E6C7D /* OrderedCollections in Frameworks */,
				01F1C8A2263E042700DFA8D0 /* Kingfisher in Frameworks */,
			);
			runOnlyForDeploymentPostprocessing = 0;
		};
/* End PBXFrameworksBuildPhase section */

/* Begin PBXGroup section */
		0121CAEA264096C10071E633 /* Box */ = {
			isa = PBXGroup;
			children = (
				0121CAEB264096D10071E633 /* BoxView.swift */,
				0121CAEF2640AF490071E633 /* BoxHeaderView.swift */,
				01D8484326430BD4008A5FA2 /* GeneralSpaceView.swift */,
				01D8484526431A6C008A5FA2 /* BoxSearchView.swift */,
				01CB751C2643597300273947 /* BoxSearchCapsuleView.swift */,
			);
			path = Box;
			sourceTree = "<group>";
		};
		01ABA41326488A7E00D468AF /* Search */ = {
			isa = PBXGroup;
			children = (
				01ABA41426488A8700D468AF /* SearchVC.swift */,
			);
			path = Search;
			sourceTree = "<group>";
		};
		01B2EBFE263D689000940A47 = {
			isa = PBXGroup;
			children = (
				01B2EC09263D689000940A47 /* Item Inventory */,
				01B2EC08263D689000940A47 /* Products */,
			);
			sourceTree = "<group>";
		};
		01B2EC08263D689000940A47 /* Products */ = {
			isa = PBXGroup;
			children = (
				01B2EC07263D689000940A47 /* Item Inventory.app */,
			);
			name = Products;
			sourceTree = "<group>";
		};
		01B2EC09263D689000940A47 /* Item Inventory */ = {
			isa = PBXGroup;
			children = (
				01B2EC21263D6C1C00940A47 /* SupportingFiles */,
				01B2EC22263D6CD400940A47 /* Model */,
				01B2EC27263D704700940A47 /* Navigation */,
				01B2EC2A263D73C100940A47 /* View */,
				01B2EC39263D98C400940A47 /* Camera */,
				01B2EC0E263D689000940A47 /* ContentView.swift */,
				01B2EC15263D689300940A47 /* Preview Content */,
			);
			path = "Item Inventory";
			sourceTree = "<group>";
		};
		01B2EC15263D689300940A47 /* Preview Content */ = {
			isa = PBXGroup;
			children = (
				01B2EC16263D689300940A47 /* Preview Assets.xcassets */,
			);
			path = "Preview Content";
			sourceTree = "<group>";
		};
		01B2EC21263D6C1C00940A47 /* SupportingFiles */ = {
			isa = PBXGroup;
			children = (
				01B2EC0A263D689000940A47 /* AppDelegate.swift */,
				01B2EC0C263D689000940A47 /* SceneDelegate.swift */,
				01B2EC13263D689300940A47 /* Assets.xcassets */,
				01B2EC18263D689300940A47 /* LaunchScreen.storyboard */,
				01B2EC1B263D689300940A47 /* Info.plist */,
				01B2EC25263D6DE900940A47 /* Logger.swift */,
				01B2EC30263D7B3900940A47 /* Environment.swift */,
				0121F0AC263DB04E00CEA168 /* Identifiable.swift */,
			);
			path = SupportingFiles;
			sourceTree = "<group>";
		};
		01B2EC22263D6CD400940A47 /* Model */ = {
			isa = PBXGroup;
			children = (
				01B2EC10263D689000940A47 /* Item_Inventory.xcdatamodeld */,
				0121CAED2640AE200071E633 /* CoreData+Extension.swift */,
				01B2EC23263D6CE100940A47 /* Storage.swift */,
				011DBA73263F4E6500E5713A /* ImageStore.swift */,
				011DBA71263F4B8700E5713A /* ImageCache.swift */,
			);
			path = Model;
			sourceTree = "<group>";
		};
		01B2EC27263D704700940A47 /* Navigation */ = {
			isa = PBXGroup;
			children = (
				01B2EC28263D706E00940A47 /* Navigation.swift */,
			);
			path = Navigation;
			sourceTree = "<group>";
		};
		01B2EC2A263D73C100940A47 /* View */ = {
			isa = PBXGroup;
			children = (
				01B2EC2B263D73C700940A47 /* Locations */,
				01B2EC32263D89D200940A47 /* Location */,
				0121CAEA264096C10071E633 /* Box */,
				01C9DE52264161C7006E6C7D /* Item */,
				01ABA41326488A7E00D468AF /* Search */,
				01B2EC35263D919800940A47 /* EmptyableList.swift */,
				014518282642E58D00596FCC /* HeaderCell.swift */,
			);
			path = View;
			sourceTree = "<group>";
		};
		01B2EC2B263D73C700940A47 /* Locations */ = {
			isa = PBXGroup;
			children = (
				01B2EC2C263D73D800940A47 /* LocationsView.swift */,
				01B2EC2E263D798300940A47 /* EditLocationView.swift */,
			);
			path = Locations;
			sourceTree = "<group>";
		};
		01B2EC32263D89D200940A47 /* Location */ = {
			isa = PBXGroup;
			children = (
				01B2EC33263D89E600940A47 /* LocationView.swift */,
				01B2EC37263D94AB00940A47 /* EditBoxView.swift */,
			);
			path = Location;
			sourceTree = "<group>";
		};
		01B2EC39263D98C400940A47 /* Camera */ = {
			isa = PBXGroup;
			children = (
				01B2EC3A263D98F600940A47 /* QRBarcodeViewController.swift */,
				01C71434263DB8780028A8C8 /* ImagePicker.swift */,
			);
			path = Camera;
			sourceTree = "<group>";
		};
		01C9DE52264161C7006E6C7D /* Item */ = {
			isa = PBXGroup;
			children = (
				01C9DE53264161DD006E6C7D /* ItemEditView.swift */,
				014518262642E53700596FCC /* ItemView.swift */,
			);
			path = Item;
			sourceTree = "<group>";
		};
/* End PBXGroup section */

/* Begin PBXNativeTarget section */
		01B2EC06263D689000940A47 /* Item Inventory */ = {
			isa = PBXNativeTarget;
			buildConfigurationList = 01B2EC1E263D689300940A47 /* Build configuration list for PBXNativeTarget "Item Inventory" */;
			buildPhases = (
				01B2EC03263D689000940A47 /* Sources */,
				01B2EC04263D689000940A47 /* Frameworks */,
				01B2EC05263D689000940A47 /* Resources */,
			);
			buildRules = (
			);
			dependencies = (
			);
			name = "Item Inventory";
			packageProductDependencies = (
				01F1C8A1263E042700DFA8D0 /* Kingfisher */,
				01C9DE5626417890006E6C7D /* OrderedCollections */,
			);
			productName = "Item Inventory";
			productReference = 01B2EC07263D689000940A47 /* Item Inventory.app */;
			productType = "com.apple.product-type.application";
		};
/* End PBXNativeTarget section */

/* Begin PBXProject section */
		01B2EBFF263D689000940A47 /* Project object */ = {
			isa = PBXProject;
			attributes = {
				LastSwiftUpdateCheck = 1250;
				LastUpgradeCheck = 1250;
				TargetAttributes = {
					01B2EC06263D689000940A47 = {
						CreatedOnToolsVersion = 12.5;
					};
				};
			};
			buildConfigurationList = 01B2EC02263D689000940A47 /* Build configuration list for PBXProject "Item Inventory" */;
			compatibilityVersion = "Xcode 9.3";
			developmentRegion = en;
			hasScannedForEncodings = 0;
			knownRegions = (
				en,
				Base,
			);
			mainGroup = 01B2EBFE263D689000940A47;
			packageReferences = (
				01F1C8A0263E042700DFA8D0 /* XCRemoteSwiftPackageReference "Kingfisher" */,
				01C9DE5526417890006E6C7D /* XCRemoteSwiftPackageReference "swift-collections" */,
			);
			productRefGroup = 01B2EC08263D689000940A47 /* Products */;
			projectDirPath = "";
			projectRoot = "";
			targets = (
				01B2EC06263D689000940A47 /* Item Inventory */,
			);
		};
/* End PBXProject section */

/* Begin PBXResourcesBuildPhase section */
		01B2EC05263D689000940A47 /* Resources */ = {
			isa = PBXResourcesBuildPhase;
			buildActionMask = 2147483647;
			files = (
				01B2EC1A263D689300940A47 /* LaunchScreen.storyboard in Resources */,
				01B2EC17263D689300940A47 /* Preview Assets.xcassets in Resources */,
				01B2EC14263D689300940A47 /* Assets.xcassets in Resources */,
			);
			runOnlyForDeploymentPostprocessing = 0;
		};
/* End PBXResourcesBuildPhase section */

/* Begin PBXSourcesBuildPhase section */
		01B2EC03263D689000940A47 /* Sources */ = {
			isa = PBXSourcesBuildPhase;
			buildActionMask = 2147483647;
			files = (
				01D8484626431A6C008A5FA2 /* BoxSearchView.swift in Sources */,
				01CB751D2643597300273947 /* BoxSearchCapsuleView.swift in Sources */,
				01B2EC0B263D689000940A47 /* AppDelegate.swift in Sources */,
				01B2EC2F263D798300940A47 /* EditLocationView.swift in Sources */,
				011DBA72263F4B8700E5713A /* ImageCache.swift in Sources */,
				01B2EC26263D6DE900940A47 /* Logger.swift in Sources */,
				01B2EC3B263D98F600940A47 /* QRBarcodeViewController.swift in Sources */,
				01B2EC29263D706E00940A47 /* Navigation.swift in Sources */,
				01B2EC0D263D689000940A47 /* SceneDelegate.swift in Sources */,
				011DBA74263F4E6500E5713A /* ImageStore.swift in Sources */,
				0121CAF02640AF490071E633 /* BoxHeaderView.swift in Sources */,
				01B2EC0F263D689000940A47 /* ContentView.swift in Sources */,
				01B2EC38263D94AB00940A47 /* EditBoxView.swift in Sources */,
				014518292642E58D00596FCC /* HeaderCell.swift in Sources */,
				01C9DE54264161DD006E6C7D /* ItemEditView.swift in Sources */,
				01B2EC34263D89E600940A47 /* LocationView.swift in Sources */,
				01B2EC2D263D73D800940A47 /* LocationsView.swift in Sources */,
				01B2EC12263D689000940A47 /* Item_Inventory.xcdatamodeld in Sources */,
				01B2EC36263D919800940A47 /* EmptyableList.swift in Sources */,
				0121CAEE2640AE200071E633 /* CoreData+Extension.swift in Sources */,
				01ABA41526488A8700D468AF /* SearchVC.swift in Sources */,
				01B2EC24263D6CE100940A47 /* Storage.swift in Sources */,
				01D8484426430BD4008A5FA2 /* GeneralSpaceView.swift in Sources */,
				014518272642E53700596FCC /* ItemView.swift in Sources */,
				01C71435263DB8780028A8C8 /* ImagePicker.swift in Sources */,
				0121CAEC264096D10071E633 /* BoxView.swift in Sources */,
				0121F0AD263DB04E00CEA168 /* Identifiable.swift in Sources */,
				01B2EC31263D7B3900940A47 /* Environment.swift in Sources */,
			);
			runOnlyForDeploymentPostprocessing = 0;
		};
/* End PBXSourcesBuildPhase section */

/* Begin PBXVariantGroup section */
		01B2EC18263D689300940A47 /* LaunchScreen.storyboard */ = {
			isa = PBXVariantGroup;
			children = (
				01B2EC19263D689300940A47 /* Base */,
			);
			name = LaunchScreen.storyboard;
			sourceTree = "<group>";
		};
/* End PBXVariantGroup section */

/* Begin XCBuildConfiguration section */
		01B2EC1C263D689300940A47 /* Debug */ = {
			isa = XCBuildConfiguration;
			buildSettings = {
				ALWAYS_SEARCH_USER_PATHS = NO;
				CLANG_ANALYZER_NONNULL = YES;
				CLANG_ANALYZER_NUMBER_OBJECT_CONVERSION = YES_AGGRESSIVE;
				CLANG_CXX_LANGUAGE_STANDARD = "gnu++14";
				CLANG_CXX_LIBRARY = "libc++";
				CLANG_ENABLE_MODULES = YES;
				CLANG_ENABLE_OBJC_ARC = YES;
				CLANG_ENABLE_OBJC_WEAK = YES;
				CLANG_WARN_BLOCK_CAPTURE_AUTORELEASING = YES;
				CLANG_WARN_BOOL_CONVERSION = YES;
				CLANG_WARN_COMMA = YES;
				CLANG_WARN_CONSTANT_CONVERSION = YES;
				CLANG_WARN_DEPRECATED_OBJC_IMPLEMENTATIONS = YES;
				CLANG_WARN_DIRECT_OBJC_ISA_USAGE = YES_ERROR;
				CLANG_WARN_DOCUMENTATION_COMMENTS = YES;
				CLANG_WARN_EMPTY_BODY = YES;
				CLANG_WARN_ENUM_CONVERSION = YES;
				CLANG_WARN_INFINITE_RECURSION = YES;
				CLANG_WARN_INT_CONVERSION = YES;
				CLANG_WARN_NON_LITERAL_NULL_CONVERSION = YES;
				CLANG_WARN_OBJC_IMPLICIT_RETAIN_SELF = YES;
				CLANG_WARN_OBJC_LITERAL_CONVERSION = YES;
				CLANG_WARN_OBJC_ROOT_CLASS = YES_ERROR;
				CLANG_WARN_QUOTED_INCLUDE_IN_FRAMEWORK_HEADER = YES;
				CLANG_WARN_RANGE_LOOP_ANALYSIS = YES;
				CLANG_WARN_STRICT_PROTOTYPES = YES;
				CLANG_WARN_SUSPICIOUS_MOVE = YES;
				CLANG_WARN_UNGUARDED_AVAILABILITY = YES_AGGRESSIVE;
				CLANG_WARN_UNREACHABLE_CODE = YES;
				CLANG_WARN__DUPLICATE_METHOD_MATCH = YES;
				COPY_PHASE_STRIP = NO;
				DEBUG_INFORMATION_FORMAT = dwarf;
				ENABLE_STRICT_OBJC_MSGSEND = YES;
				ENABLE_TESTABILITY = YES;
				GCC_C_LANGUAGE_STANDARD = gnu11;
				GCC_DYNAMIC_NO_PIC = NO;
				GCC_NO_COMMON_BLOCKS = YES;
				GCC_OPTIMIZATION_LEVEL = 0;
				GCC_PREPROCESSOR_DEFINITIONS = (
					"DEBUG=1",
					"$(inherited)",
				);
				GCC_WARN_64_TO_32_BIT_CONVERSION = YES;
				GCC_WARN_ABOUT_RETURN_TYPE = YES_ERROR;
				GCC_WARN_UNDECLARED_SELECTOR = YES;
				GCC_WARN_UNINITIALIZED_AUTOS = YES_AGGRESSIVE;
				GCC_WARN_UNUSED_FUNCTION = YES;
				GCC_WARN_UNUSED_VARIABLE = YES;
				IPHONEOS_DEPLOYMENT_TARGET = 14.5;
				MTL_ENABLE_DEBUG_INFO = INCLUDE_SOURCE;
				MTL_FAST_MATH = YES;
				ONLY_ACTIVE_ARCH = YES;
				SDKROOT = iphoneos;
				SWIFT_ACTIVE_COMPILATION_CONDITIONS = DEBUG;
				SWIFT_OPTIMIZATION_LEVEL = "-Onone";
			};
			name = Debug;
		};
		01B2EC1D263D689300940A47 /* Release */ = {
			isa = XCBuildConfiguration;
			buildSettings = {
				ALWAYS_SEARCH_USER_PATHS = NO;
				CLANG_ANALYZER_NONNULL = YES;
				CLANG_ANALYZER_NUMBER_OBJECT_CONVERSION = YES_AGGRESSIVE;
				CLANG_CXX_LANGUAGE_STANDARD = "gnu++14";
				CLANG_CXX_LIBRARY = "libc++";
				CLANG_ENABLE_MODULES = YES;
				CLANG_ENABLE_OBJC_ARC = YES;
				CLANG_ENABLE_OBJC_WEAK = YES;
				CLANG_WARN_BLOCK_CAPTURE_AUTORELEASING = YES;
				CLANG_WARN_BOOL_CONVERSION = YES;
				CLANG_WARN_COMMA = YES;
				CLANG_WARN_CONSTANT_CONVERSION = YES;
				CLANG_WARN_DEPRECATED_OBJC_IMPLEMENTATIONS = YES;
				CLANG_WARN_DIRECT_OBJC_ISA_USAGE = YES_ERROR;
				CLANG_WARN_DOCUMENTATION_COMMENTS = YES;
				CLANG_WARN_EMPTY_BODY = YES;
				CLANG_WARN_ENUM_CONVERSION = YES;
				CLANG_WARN_INFINITE_RECURSION = YES;
				CLANG_WARN_INT_CONVERSION = YES;
				CLANG_WARN_NON_LITERAL_NULL_CONVERSION = YES;
				CLANG_WARN_OBJC_IMPLICIT_RETAIN_SELF = YES;
				CLANG_WARN_OBJC_LITERAL_CONVERSION = YES;
				CLANG_WARN_OBJC_ROOT_CLASS = YES_ERROR;
				CLANG_WARN_QUOTED_INCLUDE_IN_FRAMEWORK_HEADER = YES;
				CLANG_WARN_RANGE_LOOP_ANALYSIS = YES;
				CLANG_WARN_STRICT_PROTOTYPES = YES;
				CLANG_WARN_SUSPICIOUS_MOVE = YES;
				CLANG_WARN_UNGUARDED_AVAILABILITY = YES_AGGRESSIVE;
				CLANG_WARN_UNREACHABLE_CODE = YES;
				CLANG_WARN__DUPLICATE_METHOD_MATCH = YES;
				COPY_PHASE_STRIP = NO;
				DEBUG_INFORMATION_FORMAT = "dwarf-with-dsym";
				ENABLE_NS_ASSERTIONS = NO;
				ENABLE_STRICT_OBJC_MSGSEND = YES;
				GCC_C_LANGUAGE_STANDARD = gnu11;
				GCC_NO_COMMON_BLOCKS = YES;
				GCC_WARN_64_TO_32_BIT_CONVERSION = YES;
				GCC_WARN_ABOUT_RETURN_TYPE = YES_ERROR;
				GCC_WARN_UNDECLARED_SELECTOR = YES;
				GCC_WARN_UNINITIALIZED_AUTOS = YES_AGGRESSIVE;
				GCC_WARN_UNUSED_FUNCTION = YES;
				GCC_WARN_UNUSED_VARIABLE = YES;
				IPHONEOS_DEPLOYMENT_TARGET = 14.5;
				MTL_ENABLE_DEBUG_INFO = NO;
				MTL_FAST_MATH = YES;
				SDKROOT = iphoneos;
				SWIFT_COMPILATION_MODE = wholemodule;
				SWIFT_OPTIMIZATION_LEVEL = "-O";
				VALIDATE_PRODUCT = YES;
			};
			name = Release;
		};
		01B2EC1F263D689300940A47 /* Debug */ = {
			isa = XCBuildConfiguration;
			buildSettings = {
				ASSETCATALOG_COMPILER_APPICON_NAME = AppIcon;
				ASSETCATALOG_COMPILER_GLOBAL_ACCENT_COLOR_NAME = AccentColor;
				CODE_SIGN_STYLE = Automatic;
				DEVELOPMENT_ASSET_PATHS = "\"Item Inventory/Preview Content\"";
				DEVELOPMENT_TEAM = ME57FLP5EG;
				ENABLE_PREVIEWS = YES;
				INFOPLIST_FILE = "Item Inventory/SupportingFiles/Info.plist";
				LD_RUNPATH_SEARCH_PATHS = (
					"$(inherited)",
					"@executable_path/Frameworks",
				);
				PRODUCT_BUNDLE_IDENTIFIER = "com.przambrozy.Item-Inventory";
				PRODUCT_NAME = "$(TARGET_NAME)";
				SWIFT_VERSION = 5.0;
				TARGETED_DEVICE_FAMILY = "1,2";
			};
			name = Debug;
		};
		01B2EC20263D689300940A47 /* Release */ = {
			isa = XCBuildConfiguration;
			buildSettings = {
				ASSETCATALOG_COMPILER_APPICON_NAME = AppIcon;
				ASSETCATALOG_COMPILER_GLOBAL_ACCENT_COLOR_NAME = AccentColor;
				CODE_SIGN_STYLE = Automatic;
				DEVELOPMENT_ASSET_PATHS = "\"Item Inventory/Preview Content\"";
				DEVELOPMENT_TEAM = ME57FLP5EG;
				ENABLE_PREVIEWS = YES;
				INFOPLIST_FILE = "Item Inventory/SupportingFiles/Info.plist";
				LD_RUNPATH_SEARCH_PATHS = (
					"$(inherited)",
					"@executable_path/Frameworks",
				);
				PRODUCT_BUNDLE_IDENTIFIER = "com.przambrozy.Item-Inventory";
				PRODUCT_NAME = "$(TARGET_NAME)";
				SWIFT_VERSION = 5.0;
				TARGETED_DEVICE_FAMILY = "1,2";
			};
			name = Release;
		};
/* End XCBuildConfiguration section */

/* Begin XCConfigurationList section */
		01B2EC02263D689000940A47 /* Build configuration list for PBXProject "Item Inventory" */ = {
			isa = XCConfigurationList;
			buildConfigurations = (
				01B2EC1C263D689300940A47 /* Debug */,
				01B2EC1D263D689300940A47 /* Release */,
			);
			defaultConfigurationIsVisible = 0;
			defaultConfigurationName = Release;
		};
		01B2EC1E263D689300940A47 /* Build configuration list for PBXNativeTarget "Item Inventory" */ = {
			isa = XCConfigurationList;
			buildConfigurations = (
				01B2EC1F263D689300940A47 /* Debug */,
				01B2EC20263D689300940A47 /* Release */,
			);
			defaultConfigurationIsVisible = 0;
			defaultConfigurationName = Release;
		};
/* End XCConfigurationList section */

/* Begin XCRemoteSwiftPackageReference section */
		01C9DE5526417890006E6C7D /* XCRemoteSwiftPackageReference "swift-collections" */ = {
			isa = XCRemoteSwiftPackageReference;
			repositoryURL = "https://github.com/apple/swift-collections";
			requirement = {
				kind = upToNextMajorVersion;
				minimumVersion = 0.0.2;
			};
		};
		01F1C8A0263E042700DFA8D0 /* XCRemoteSwiftPackageReference "Kingfisher" */ = {
			isa = XCRemoteSwiftPackageReference;
			repositoryURL = "https://github.com/onevcat/Kingfisher.git";
			requirement = {
				kind = upToNextMajorVersion;
				minimumVersion = 6.3.0;
			};
		};
/* End XCRemoteSwiftPackageReference section */

/* Begin XCSwiftPackageProductDependency section */
		01C9DE5626417890006E6C7D /* OrderedCollections */ = {
			isa = XCSwiftPackageProductDependency;
			package = 01C9DE5526417890006E6C7D /* XCRemoteSwiftPackageReference "swift-collections" */;
			productName = OrderedCollections;
		};
		01F1C8A1263E042700DFA8D0 /* Kingfisher */ = {
			isa = XCSwiftPackageProductDependency;
			package = 01F1C8A0263E042700DFA8D0 /* XCRemoteSwiftPackageReference "Kingfisher" */;
			productName = Kingfisher;
		};
/* End XCSwiftPackageProductDependency section */

/* Begin XCVersionGroup section */
		01B2EC10263D689000940A47 /* Item_Inventory.xcdatamodeld */ = {
			isa = XCVersionGroup;
			children = (
				01B2EC11263D689000940A47 /* Item_Inventory.xcdatamodel */,
			);
			currentVersion = 01B2EC11263D689000940A47 /* Item_Inventory.xcdatamodel */;
			path = Item_Inventory.xcdatamodeld;
			sourceTree = "<group>";
			versionGroupType = wrapper.xcdatamodel;
		};
/* End XCVersionGroup section */
	};
	rootObject = 01B2EBFF263D689000940A47 /* Project object */;
}
